// !$*UTF8*$!
{
	archiveVersion = 1;
	classes = {
	};
	objectVersion = 56;
	objects = {

/* Begin PBXBuildFile section */
		29482D752B9CAA90004AFCA2 /* AppDelegate.swift in Sources */ = {isa = PBXBuildFile; fileRef = 29482D742B9CAA90004AFCA2 /* AppDelegate.swift */; };
		29482D772B9CAA90004AFCA2 /* SceneDelegate.swift in Sources */ = {isa = PBXBuildFile; fileRef = 29482D762B9CAA90004AFCA2 /* SceneDelegate.swift */; };
		29482D792B9CAA90004AFCA2 /* ViewController.swift in Sources */ = {isa = PBXBuildFile; fileRef = 29482D782B9CAA90004AFCA2 /* ViewController.swift */; };
		29482D7C2B9CAA90004AFCA2 /* Main.storyboard in Resources */ = {isa = PBXBuildFile; fileRef = 29482D7A2B9CAA90004AFCA2 /* Main.storyboard */; };
		29482D7E2B9CAA91004AFCA2 /* Assets.xcassets in Resources */ = {isa = PBXBuildFile; fileRef = 29482D7D2B9CAA91004AFCA2 /* Assets.xcassets */; };
		29482D812B9CAA91004AFCA2 /* LaunchScreen.storyboard in Resources */ = {isa = PBXBuildFile; fileRef = 29482D7F2B9CAA91004AFCA2 /* LaunchScreen.storyboard */; };
		29482D892B9CABB6004AFCA2 /* RadialMenu.swift in Sources */ = {isa = PBXBuildFile; fileRef = 29482D882B9CABB6004AFCA2 /* RadialMenu.swift */; };
		29482D8D2B9CAC1B004AFCA2 /* GlovoItem.swift in Sources */ = {isa = PBXBuildFile; fileRef = 29482D8C2B9CAC1B004AFCA2 /* GlovoItem.swift */; };
		29482D8F2B9CAC66004AFCA2 /* GlovoView.swift in Sources */ = {isa = PBXBuildFile; fileRef = 29482D8E2B9CAC66004AFCA2 /* GlovoView.swift */; };
/* End PBXBuildFile section */

/* Begin PBXFileReference section */
		29482D712B9CAA90004AFCA2 /* GlovoMainView.app */ = {isa = PBXFileReference; explicitFileType = wrapper.application; includeInIndex = 0; path = GlovoMainView.app; sourceTree = BUILT_PRODUCTS_DIR; };
		29482D742B9CAA90004AFCA2 /* AppDelegate.swift */ = {isa = PBXFileReference; lastKnownFileType = sourcecode.swift; path = AppDelegate.swift; sourceTree = "<group>"; };
		29482D762B9CAA90004AFCA2 /* SceneDelegate.swift */ = {isa = PBXFileReference; lastKnownFileType = sourcecode.swift; path = SceneDelegate.swift; sourceTree = "<group>"; };
		29482D782B9CAA90004AFCA2 /* ViewController.swift */ = {isa = PBXFileReference; lastKnownFileType = sourcecode.swift; path = ViewController.swift; sourceTree = "<group>"; };
		29482D7B2B9CAA90004AFCA2 /* Base */ = {isa = PBXFileReference; lastKnownFileType = file.storyboard; name = Base; path = Base.lproj/Main.storyboard; sourceTree = "<group>"; };
		29482D7D2B9CAA91004AFCA2 /* Assets.xcassets */ = {isa = PBXFileReference; lastKnownFileType = folder.assetcatalog; path = Assets.xcassets; sourceTree = "<group>"; };
		29482D802B9CAA91004AFCA2 /* Base */ = {isa = PBXFileReference; lastKnownFileType = file.storyboard; name = Base; path = Base.lproj/LaunchScreen.storyboard; sourceTree = "<group>"; };
		29482D822B9CAA91004AFCA2 /* Info.plist */ = {isa = PBXFileReference; lastKnownFileType = text.plist.xml; path = Info.plist; sourceTree = "<group>"; };
		29482D882B9CABB6004AFCA2 /* RadialMenu.swift */ = {isa = PBXFileReference; lastKnownFileType = sourcecode.swift; path = RadialMenu.swift; sourceTree = "<group>"; };
		29482D8C2B9CAC1B004AFCA2 /* GlovoItem.swift */ = {isa = PBXFileReference; lastKnownFileType = sourcecode.swift; path = GlovoItem.swift; sourceTree = "<group>"; };
		29482D8E2B9CAC66004AFCA2 /* GlovoView.swift */ = {isa = PBXFileReference; lastKnownFileType = sourcecode.swift; path = GlovoView.swift; sourceTree = "<group>"; };
/* End PBXFileReference section */

/* Begin PBXFrameworksBuildPhase section */
		29482D6E2B9CAA90004AFCA2 /* Frameworks */ = {
			isa = PBXFrameworksBuildPhase;
			buildActionMask = 2147483647;
			files = (
			);
			runOnlyForDeploymentPostprocessing = 0;
		};
/* End PBXFrameworksBuildPhase section */

/* Begin PBXGroup section */
		29482D682B9CAA90004AFCA2 = {
			isa = PBXGroup;
			children = (
				29482D732B9CAA90004AFCA2 /* GlovoMainView */,
				29482D722B9CAA90004AFCA2 /* Products */,
			);
			sourceTree = "<group>";
		};
		29482D722B9CAA90004AFCA2 /* Products */ = {
			isa = PBXGroup;
			children = (
				29482D712B9CAA90004AFCA2 /* GlovoMainView.app */,
			);
			name = Products;
			sourceTree = "<group>";
		};
		29482D732B9CAA90004AFCA2 /* GlovoMainView */ = {
			isa = PBXGroup;
			children = (
				2958B7222B9E42D00002DA08 /* Model */,
				2958B7212B9E42B90002DA08 /* View */,
				2958B71F2B9E42840002DA08 /* Helpers */,
				29482D742B9CAA90004AFCA2 /* AppDelegate.swift */,
				29482D762B9CAA90004AFCA2 /* SceneDelegate.swift */,
				29482D822B9CAA91004AFCA2 /* Info.plist */,
			);
			path = GlovoMainView;
			sourceTree = "<group>";
		};
		2958B71F2B9E42840002DA08 /* Helpers */ = {
			isa = PBXGroup;
			children = (
				29482D7F2B9CAA91004AFCA2 /* LaunchScreen.storyboard */,
				29482D7A2B9CAA90004AFCA2 /* Main.storyboard */,
				29482D7D2B9CAA91004AFCA2 /* Assets.xcassets */,
			);
			path = Helpers;
			sourceTree = "<group>";
		};
		2958B7212B9E42B90002DA08 /* View */ = {
			isa = PBXGroup;
			children = (
				29482D782B9CAA90004AFCA2 /* ViewController.swift */,
				29482D8E2B9CAC66004AFCA2 /* GlovoView.swift */,
				29482D882B9CABB6004AFCA2 /* RadialMenu.swift */,
			);
			path = View;
			sourceTree = "<group>";
		};
		2958B7222B9E42D00002DA08 /* Model */ = {
			isa = PBXGroup;
			children = (
				29482D8C2B9CAC1B004AFCA2 /* GlovoItem.swift */,
			);
			path = Model;
			sourceTree = "<group>";
		};
/* End PBXGroup section */

/* Begin PBXNativeTarget section */
		29482D702B9CAA90004AFCA2 /* GlovoMainView */ = {
			isa = PBXNativeTarget;
			buildConfigurationList = 29482D852B9CAA91004AFCA2 /* Build configuration list for PBXNativeTarget "GlovoMainView" */;
			buildPhases = (
				29482D6D2B9CAA90004AFCA2 /* Sources */,
				29482D6E2B9CAA90004AFCA2 /* Frameworks */,
				29482D6F2B9CAA90004AFCA2 /* Resources */,
			);
			buildRules = (
			);
			dependencies = (
			);
			name = GlovoMainView;
			productName = GlovoMainView;
			productReference = 29482D712B9CAA90004AFCA2 /* GlovoMainView.app */;
			productType = "com.apple.product-type.application";
		};
/* End PBXNativeTarget section */

/* Begin PBXProject section */
		29482D692B9CAA90004AFCA2 /* Project object */ = {
			isa = PBXProject;
			attributes = {
				BuildIndependentTargetsInParallel = 1;
				LastSwiftUpdateCheck = 1500;
				LastUpgradeCheck = 1500;
				TargetAttributes = {
					29482D702B9CAA90004AFCA2 = {
						CreatedOnToolsVersion = 15.0.1;
					};
				};
			};
			buildConfigurationList = 29482D6C2B9CAA90004AFCA2 /* Build configuration list for PBXProject "GlovoMainView" */;
			compatibilityVersion = "Xcode 14.0";
			developmentRegion = en;
			hasScannedForEncodings = 0;
			knownRegions = (
				en,
				Base,
			);
			mainGroup = 29482D682B9CAA90004AFCA2;
			productRefGroup = 29482D722B9CAA90004AFCA2 /* Products */;
			projectDirPath = "";
			projectRoot = "";
			targets = (
				29482D702B9CAA90004AFCA2 /* GlovoMainView */,
			);
		};
/* End PBXProject section */

/* Begin PBXResourcesBuildPhase section */
		29482D6F2B9CAA90004AFCA2 /* Resources */ = {
			isa = PBXResourcesBuildPhase;
			buildActionMask = 2147483647;
			files = (
				29482D812B9CAA91004AFCA2 /* LaunchScreen.storyboard in Resources */,
				29482D7E2B9CAA91004AFCA2 /* Assets.xcassets in Resources */,
				29482D7C2B9CAA90004AFCA2 /* Main.storyboard in Resources */,
			);
			runOnlyForDeploymentPostprocessing = 0;
		};
/* End PBXResourcesBuildPhase section */

/* Begin PBXSourcesBuildPhase section */
		29482D6D2B9CAA90004AFCA2 /* Sources */ = {
			isa = PBXSourcesBuildPhase;
			buildActionMask = 2147483647;
			files = (
				29482D792B9CAA90004AFCA2 /* ViewController.swift in Sources */,
				29482D892B9CABB6004AFCA2 /* RadialMenu.swift in Sources */,
				29482D752B9CAA90004AFCA2 /* AppDelegate.swift in Sources */,
				29482D772B9CAA90004AFCA2 /* SceneDelegate.swift in Sources */,
				29482D8F2B9CAC66004AFCA2 /* GlovoView.swift in Sources */,
				29482D8D2B9CAC1B004AFCA2 /* GlovoItem.swift in Sources */,
			);
			runOnlyForDeploymentPostprocessing = 0;
		};
/* End PBXSourcesBuildPhase section */

/* Begin PBXVariantGroup section */
		29482D7A2B9CAA90004AFCA2 /* Main.storyboard */ = {
			isa = PBXVariantGroup;
			children = (
				29482D7B2B9CAA90004AFCA2 /* Base */,
			);
			name = Main.storyboard;
			sourceTree = "<group>";
		};
		29482D7F2B9CAA91004AFCA2 /* LaunchScreen.storyboard */ = {
			isa = PBXVariantGroup;
			children = (
				29482D802B9CAA91004AFCA2 /* Base */,
			);
			name = LaunchScreen.storyboard;
			sourceTree = "<group>";
		};
/* End PBXVariantGroup section */

/* Begin XCBuildConfiguration section */
		29482D832B9CAA91004AFCA2 /* Debug */ = {
			isa = XCBuildConfiguration;
			buildSettings = {
				ALWAYS_SEARCH_USER_PATHS = NO;
				ASSETCATALOG_COMPILER_GENERATE_SWIFT_ASSET_SYMBOL_EXTENSIONS = YES;
				CLANG_ANALYZER_NONNULL = YES;
				CLANG_ANALYZER_NUMBER_OBJECT_CONVERSION = YES_AGGRESSIVE;
				CLANG_CXX_LANGUAGE_STANDARD = "gnu++20";
				CLANG_ENABLE_MODULES = YES;
				CLANG_ENABLE_OBJC_ARC = YES;
				CLANG_ENABLE_OBJC_WEAK = YES;
				CLANG_WARN_BLOCK_CAPTURE_AUTORELEASING = YES;
				CLANG_WARN_BOOL_CONVERSION = YES;
				CLANG_WARN_COMMA = YES;
				CLANG_WARN_CONSTANT_CONVERSION = YES;
				CLANG_WARN_DEPRECATED_OBJC_IMPLEMENTATIONS = YES;
				CLANG_WARN_DIRECT_OBJC_ISA_USAGE = YES_ERROR;
				CLANG_WARN_DOCUMENTATION_COMMENTS = YES;
				CLANG_WARN_EMPTY_BODY = YES;
				CLANG_WARN_ENUM_CONVERSION = YES;
				CLANG_WARN_INFINITE_RECURSION = YES;
				CLANG_WARN_INT_CONVERSION = YES;
				CLANG_WARN_NON_LITERAL_NULL_CONVERSION = YES;
				CLANG_WARN_OBJC_IMPLICIT_RETAIN_SELF = YES;
				CLANG_WARN_OBJC_LITERAL_CONVERSION = YES;
				CLANG_WARN_OBJC_ROOT_CLASS = YES_ERROR;
				CLANG_WARN_QUOTED_INCLUDE_IN_FRAMEWORK_HEADER = YES;
				CLANG_WARN_RANGE_LOOP_ANALYSIS = YES;
				CLANG_WARN_STRICT_PROTOTYPES = YES;
				CLANG_WARN_SUSPICIOUS_MOVE = YES;
				CLANG_WARN_UNGUARDED_AVAILABILITY = YES_AGGRESSIVE;
				CLANG_WARN_UNREACHABLE_CODE = YES;
				CLANG_WARN__DUPLICATE_METHOD_MATCH = YES;
				COPY_PHASE_STRIP = NO;
				DEBUG_INFORMATION_FORMAT = dwarf;
				ENABLE_STRICT_OBJC_MSGSEND = YES;
				ENABLE_TESTABILITY = YES;
				ENABLE_USER_SCRIPT_SANDBOXING = YES;
				GCC_C_LANGUAGE_STANDARD = gnu17;
				GCC_DYNAMIC_NO_PIC = NO;
				GCC_NO_COMMON_BLOCKS = YES;
				GCC_OPTIMIZATION_LEVEL = 0;
				GCC_PREPROCESSOR_DEFINITIONS = (
					"DEBUG=1",
					"$(inherited)",
				);
				GCC_WARN_64_TO_32_BIT_CONVERSION = YES;
				GCC_WARN_ABOUT_RETURN_TYPE = YES_ERROR;
				GCC_WARN_UNDECLARED_SELECTOR = YES;
				GCC_WARN_UNINITIALIZED_AUTOS = YES_AGGRESSIVE;
				GCC_WARN_UNUSED_FUNCTION = YES;
				GCC_WARN_UNUSED_VARIABLE = YES;
				IPHONEOS_DEPLOYMENT_TARGET = 17.0;
				LOCALIZATION_PREFERS_STRING_CATALOGS = YES;
				MTL_ENABLE_DEBUG_INFO = INCLUDE_SOURCE;
				MTL_FAST_MATH = YES;
				ONLY_ACTIVE_ARCH = YES;
				SDKROOT = iphoneos;
				SWIFT_ACTIVE_COMPILATION_CONDITIONS = "DEBUG $(inherited)";
				SWIFT_OPTIMIZATION_LEVEL = "-Onone";
			};
			name = Debug;
		};
		29482D842B9CAA91004AFCA2 /* Release */ = {
			isa = XCBuildConfiguration;
			buildSettings = {
				ALWAYS_SEARCH_USER_PATHS = NO;
				ASSETCATALOG_COMPILER_GENERATE_SWIFT_ASSET_SYMBOL_EXTENSIONS = YES;
				CLANG_ANALYZER_NONNULL = YES;
				CLANG_ANALYZER_NUMBER_OBJECT_CONVERSION = YES_AGGRESSIVE;
				CLANG_CXX_LANGUAGE_STANDARD = "gnu++20";
				CLANG_ENABLE_MODULES = YES;
				CLANG_ENABLE_OBJC_ARC = YES;
				CLANG_ENABLE_OBJC_WEAK = YES;
				CLANG_WARN_BLOCK_CAPTURE_AUTORELEASING = YES;
				CLANG_WARN_BOOL_CONVERSION = YES;
				CLANG_WARN_COMMA = YES;
				CLANG_WARN_CONSTANT_CONVERSION = YES;
				CLANG_WARN_DEPRECATED_OBJC_IMPLEMENTATIONS = YES;
				CLANG_WARN_DIRECT_OBJC_ISA_USAGE = YES_ERROR;
				CLANG_WARN_DOCUMENTATION_COMMENTS = YES;
				CLANG_WARN_EMPTY_BODY = YES;
				CLANG_WARN_ENUM_CONVERSION = YES;
				CLANG_WARN_INFINITE_RECURSION = YES;
				CLANG_WARN_INT_CONVERSION = YES;
				CLANG_WARN_NON_LITERAL_NULL_CONVERSION = YES;
				CLANG_WARN_OBJC_IMPLICIT_RETAIN_SELF = YES;
				CLANG_WARN_OBJC_LITERAL_CONVERSION = YES;
				CLANG_WARN_OBJC_ROOT_CLASS = YES_ERROR;
				CLANG_WARN_QUOTED_INCLUDE_IN_FRAMEWORK_HEADER = YES;
				CLANG_WARN_RANGE_LOOP_ANALYSIS = YES;
				CLANG_WARN_STRICT_PROTOTYPES = YES;
				CLANG_WARN_SUSPICIOUS_MOVE = YES;
				CLANG_WARN_UNGUARDED_AVAILABILITY = YES_AGGRESSIVE;
				CLANG_WARN_UNREACHABLE_CODE = YES;
				CLANG_WARN__DUPLICATE_METHOD_MATCH = YES;
				COPY_PHASE_STRIP = NO;
				DEBUG_INFORMATION_FORMAT = "dwarf-with-dsym";
				ENABLE_NS_ASSERTIONS = NO;
				ENABLE_STRICT_OBJC_MSGSEND = YES;
				ENABLE_USER_SCRIPT_SANDBOXING = YES;
				GCC_C_LANGUAGE_STANDARD = gnu17;
				GCC_NO_COMMON_BLOCKS = YES;
				GCC_WARN_64_TO_32_BIT_CONVERSION = YES;
				GCC_WARN_ABOUT_RETURN_TYPE = YES_ERROR;
				GCC_WARN_UNDECLARED_SELECTOR = YES;
				GCC_WARN_UNINITIALIZED_AUTOS = YES_AGGRESSIVE;
				GCC_WARN_UNUSED_FUNCTION = YES;
				GCC_WARN_UNUSED_VARIABLE = YES;
				IPHONEOS_DEPLOYMENT_TARGET = 17.0;
				LOCALIZATION_PREFERS_STRING_CATALOGS = YES;
				MTL_ENABLE_DEBUG_INFO = NO;
				MTL_FAST_MATH = YES;
				SDKROOT = iphoneos;
				SWIFT_COMPILATION_MODE = wholemodule;
				VALIDATE_PRODUCT = YES;
			};
			name = Release;
		};
		29482D862B9CAA91004AFCA2 /* Debug */ = {
			isa = XCBuildConfiguration;
			buildSettings = {
				ASSETCATALOG_COMPILER_APPICON_NAME = AppIcon;
				ASSETCATALOG_COMPILER_GLOBAL_ACCENT_COLOR_NAME = AccentColor;
				CODE_SIGN_STYLE = Automatic;
				CURRENT_PROJECT_VERSION = 1;
				DEVELOPMENT_TEAM = 8GH9G72H47;
				GENERATE_INFOPLIST_FILE = YES;
				INFOPLIST_FILE = GlovoMainView/Info.plist;
				INFOPLIST_KEY_UIApplicationSupportsIndirectInputEvents = YES;
				INFOPLIST_KEY_UILaunchStoryboardName = LaunchScreen;
				INFOPLIST_KEY_UIMainStoryboardFile = Main;
				INFOPLIST_KEY_UISupportedInterfaceOrientations = UIInterfaceOrientationPortrait;
				INFOPLIST_KEY_UISupportedInterfaceOrientations_iPad = "UIInterfaceOrientationLandscapeLeft UIInterfaceOrientationLandscapeRight UIInterfaceOrientationPortrait UIInterfaceOrientationPortraitUpsideDown";
				LD_RUNPATH_SEARCH_PATHS = (
					"$(inherited)",
					"@executable_path/Frameworks",
				);
				MARKETING_VERSION = 1.0;
				PRODUCT_BUNDLE_IDENTIFIER = com.akylmeister.GlovoMainView;
				PRODUCT_NAME = "$(TARGET_NAME)";
				SUPPORTED_PLATFORMS = "iphoneos iphonesimulator";
				SUPPORTS_MACCATALYST = NO;
				SUPPORTS_MAC_DESIGNED_FOR_IPHONE_IPAD = NO;
				SWIFT_EMIT_LOC_STRINGS = YES;
				SWIFT_VERSION = 5.0;
				TARGETED_DEVICE_FAMILY = "1,2";
			};
			name = Debug;
		};
		29482D872B9CAA91004AFCA2 /* Release */ = {
			isa = XCBuildConfiguration;
			buildSettings = {
				ASSETCATALOG_COMPILER_APPICON_NAME = AppIcon;
				ASSETCATALOG_COMPILER_GLOBAL_ACCENT_COLOR_NAME = AccentColor;
				CODE_SIGN_STYLE = Automatic;
				CURRENT_PROJECT_VERSION = 1;
				DEVELOPMENT_TEAM = 8GH9G72H47;
				GENERATE_INFOPLIST_FILE = YES;
				INFOPLIST_FILE = GlovoMainView/Info.plist;
				INFOPLIST_KEY_UIApplicationSupportsIndirectInputEvents = YES;
				INFOPLIST_KEY_UILaunchStoryboardName = LaunchScreen;
				INFOPLIST_KEY_UIMainStoryboardFile = Main;
				INFOPLIST_KEY_UISupportedInterfaceOrientations = UIInterfaceOrientationPortrait;
				INFOPLIST_KEY_UISupportedInterfaceOrientations_iPad = "UIInterfaceOrientationLandscapeLeft UIInterfaceOrientationLandscapeRight UIInterfaceOrientationPortrait UIInterfaceOrientationPortraitUpsideDown";
				LD_RUNPATH_SEARCH_PATHS = (
					"$(inherited)",
					"@executable_path/Frameworks",
				);
				MARKETING_VERSION = 1.0;
				PRODUCT_BUNDLE_IDENTIFIER = com.akylmeister.GlovoMainView;
				PRODUCT_NAME = "$(TARGET_NAME)";
				SUPPORTED_PLATFORMS = "iphoneos iphonesimulator";
				SUPPORTS_MACCATALYST = NO;
				SUPPORTS_MAC_DESIGNED_FOR_IPHONE_IPAD = NO;
				SWIFT_EMIT_LOC_STRINGS = YES;
				SWIFT_VERSION = 5.0;
				TARGETED_DEVICE_FAMILY = "1,2";
			};
			name = Release;
		};
/* End XCBuildConfiguration section */

/* Begin XCConfigurationList section */
		29482D6C2B9CAA90004AFCA2 /* Build configuration list for PBXProject "GlovoMainView" */ = {
			isa = XCConfigurationList;
			buildConfigurations = (
				29482D832B9CAA91004AFCA2 /* Debug */,
				29482D842B9CAA91004AFCA2 /* Release */,
			);
			defaultConfigurationIsVisible = 0;
			defaultConfigurationName = Release;
		};
		29482D852B9CAA91004AFCA2 /* Build configuration list for PBXNativeTarget "GlovoMainView" */ = {
			isa = XCConfigurationList;
			buildConfigurations = (
				29482D862B9CAA91004AFCA2 /* Debug */,
				29482D872B9CAA91004AFCA2 /* Release */,
			);
			defaultConfigurationIsVisible = 0;
			defaultConfigurationName = Release;
		};
/* End XCConfigurationList section */
	};
	rootObject = 29482D692B9CAA90004AFCA2 /* Project object */;
}
